
Microsoft Visual Studio Solution File, Format Version 12.00
# Visual Studio 15
VisualStudioVersion = 15.0.27703.2047
MinimumVisualStudioVersion = 10.0.40219.1
Project("{9A19103F-16F7-4668-BE54-9A1E7A4F7556}") = "TicTacToeGame", "TicTacToeGame\TicTacToeGame.csproj", "{114BAC10-9693-4136-B20E-61C00AB6C0E8}"
EndProject
Project("{FAE04EC0-301F-11D3-BF4B-00C04F79EFBC}") = "ConsoleTicTacToeDriver", "ConsoleTicTacToeDriver\ConsoleTicTacToeDriver.csproj", "{F685519A-0218-47E1-9442-A8CDD5585EBF}"
EndProject
Project("{FAE04EC0-301F-11D3-BF4B-00C04F79EFBC}") = "MachineLearningTicTacToe", "MachineLearningTicTacToe\MachineLearningTicTacToe.csproj", "{0A0128D1-C947-4B35-A2C3-FE170AF46FBC}"
EndProject
Project("{FAE04EC0-301F-11D3-BF4B-00C04F79EFBC}") = "UnitTesting", "UnitTesting\UnitTesting.csproj", "{A22DFF30-DAAD-4528-BF3E-F01C32C3CBBD}"
EndProject
Global
	GlobalSection(SolutionConfigurationPlatforms) = preSolution
		Debug|Any CPU = Debug|Any CPU
		Release|Any CPU = Release|Any CPU
	EndGlobalSection
	GlobalSection(ProjectConfigurationPlatforms) = postSolution
		{114BAC10-9693-4136-B20E-61C00AB6C0E8}.Debug|Any CPU.ActiveCfg = Debug|Any CPU
		{114BAC10-9693-4136-B20E-61C00AB6C0E8}.Debug|Any CPU.Build.0 = Debug|Any CPU
		{114BAC10-9693-4136-B20E-61C00AB6C0E8}.Release|Any CPU.ActiveCfg = Release|Any CPU
		{114BAC10-9693-4136-B20E-61C00AB6C0E8}.Release|Any CPU.Build.0 = Release|Any CPU
		{F685519A-0218-47E1-9442-A8CDD5585EBF}.Debug|Any CPU.ActiveCfg = Debug|Any CPU
		{F685519A-0218-47E1-9442-A8CDD5585EBF}.Debug|Any CPU.Build.0 = Debug|Any CPU
		{F685519A-0218-47E1-9442-A8CDD5585EBF}.Release|Any CPU.ActiveCfg = Release|Any CPU
		{F685519A-0218-47E1-9442-A8CDD5585EBF}.Release|Any CPU.Build.0 = Release|Any CPU
		{0A0128D1-C947-4B35-A2C3-FE170AF46FBC}.Debug|Any CPU.ActiveCfg = Debug|Any CPU
		{0A0128D1-C947-4B35-A2C3-FE170AF46FBC}.Debug|Any CPU.Build.0 = Debug|Any CPU
		{0A0128D1-C947-4B35-A2C3-FE170AF46FBC}.Release|Any CPU.ActiveCfg = Release|Any CPU
		{0A0128D1-C947-4B35-A2C3-FE170AF46FBC}.Release|Any CPU.Build.0 = Release|Any CPU
		{A22DFF30-DAAD-4528-BF3E-F01C32C3CBBD}.Debug|Any CPU.ActiveCfg = Debug|Any CPU
		{A22DFF30-DAAD-4528-BF3E-F01C32C3CBBD}.Debug|Any CPU.Build.0 = Debug|Any CPU
		{A22DFF30-DAAD-4528-BF3E-F01C32C3CBBD}.Release|Any CPU.ActiveCfg = Release|Any CPU
		{A22DFF30-DAAD-4528-BF3E-F01C32C3CBBD}.Release|Any CPU.Build.0 = Release|Any CPU
	EndGlobalSection
	GlobalSection(SolutionProperties) = preSolution
		HideSolutionNode = FALSE
	EndGlobalSection
	GlobalSection(ExtensibilityGlobals) = postSolution
		SolutionGuid = {FD5BA157-406A-48EA-B44C-6FAE284EB1E9}
	EndGlobalSection
EndGlobal
